
Microsoft Visual Studio Solution File, Format Version 12.00
# Visual Studio Version 17
VisualStudioVersion = 17.12.35514.174 d17.12
MinimumVisualStudioVersion = 10.0.40219.1
Project("{2150E333-8FDC-42A3-9474-1A3956D46DE8}") = "Task0", "Task0", "{FA84103C-C9E8-4C1D-85AD-9249303C8EEB}"
EndProject
Project("{FAE04EC0-301F-11D3-BF4B-00C04F79EFBC}") = "Tyuiu.MacuacuaRa.Sprint1.Task0.V20", "Tyuiu.MacuacuaRa.Sprint1.Task0.V20\Tyuiu.MacuacuaRa.Sprint1.Task0.V20.csproj", "{8D4B1AF2-E09B-4E02-B1C6-68668C1CA75F}"
EndProject
Project("{FAE04EC0-301F-11D3-BF4B-00C04F79EFBC}") = "Tyuiu.MacuacuaRa.Sprint1.Task0.V20.Lib", "Tyuiu.MacuacuaRa.Sprint1.Task0.V20.Lib\Tyuiu.MacuacuaRa.Sprint1.Task0.V20.Lib.csproj", "{0C92A22C-DDDE-4C98-855C-40035EC3ABD5}"
EndProject
Project("{FAE04EC0-301F-11D3-BF4B-00C04F79EFBC}") = "Tyuiu.MacuacuaRa.Sprint1.Task0.V20.Test", "Tyuiu.MacuacuaRa.Sprint1.Task0.V20.Test\Tyuiu.MacuacuaRa.Sprint1.Task0.V20.Test.csproj", "{51F62361-CB26-4F19-8C02-0DBE7E272915}"
EndProject
Project("{2150E333-8FDC-42A3-9474-1A3956D46DE8}") = "Task1", "Task1", "{DDAB4735-A949-44EE-A0DA-9B73CAD0FD55}"
EndProject
Project("{FAE04EC0-301F-11D3-BF4B-00C04F79EFBC}") = "Tyuiu.MacuacuaRa.Sprint1.Task1.V10", "Tyuiu.MacuacuaRa.Sprint1.Task1.V10\Tyuiu.MacuacuaRa.Sprint1.Task1.V10.csproj", "{D605C592-39C9-49D7-BD8C-A3E1DA7D597A}"
EndProject
Project("{FAE04EC0-301F-11D3-BF4B-00C04F79EFBC}") = "Tyuiu.MacuacuaRa.Sprint1.Task1.V10.Lib", "Tyuiu.MacuacuaRa.Sprint1.Task1.V10.Lib\Tyuiu.MacuacuaRa.Sprint1.Task1.V10.Lib.csproj", "{0C56C42B-B1F2-4ECB-9B47-C42777A639EE}"
EndProject
Project("{FAE04EC0-301F-11D3-BF4B-00C04F79EFBC}") = "Tyuiu.MacuacuaRa.Sprint1.Task1.V10.Test", "Tyuiu.MacuacuaRa.Sprint1.Task1.V10.Test\Tyuiu.MacuacuaRa.Sprint1.Task1.V10.Test.csproj", "{125923C7-1B02-4E8D-9050-A2D535DFDE5F}"
EndProject
Global
	GlobalSection(SolutionConfigurationPlatforms) = preSolution
		Debug|Any CPU = Debug|Any CPU
		Release|Any CPU = Release|Any CPU
	EndGlobalSection
	GlobalSection(ProjectConfigurationPlatforms) = postSolution
		{8D4B1AF2-E09B-4E02-B1C6-68668C1CA75F}.Debug|Any CPU.ActiveCfg = Debug|Any CPU
		{8D4B1AF2-E09B-4E02-B1C6-68668C1CA75F}.Debug|Any CPU.Build.0 = Debug|Any CPU
		{8D4B1AF2-E09B-4E02-B1C6-68668C1CA75F}.Release|Any CPU.ActiveCfg = Release|Any CPU
		{8D4B1AF2-E09B-4E02-B1C6-68668C1CA75F}.Release|Any CPU.Build.0 = Release|Any CPU
		{0C92A22C-DDDE-4C98-855C-40035EC3ABD5}.Debug|Any CPU.ActiveCfg = Debug|Any CPU
		{0C92A22C-DDDE-4C98-855C-40035EC3ABD5}.Debug|Any CPU.Build.0 = Debug|Any CPU
		{0C92A22C-DDDE-4C98-855C-40035EC3ABD5}.Release|Any CPU.ActiveCfg = Release|Any CPU
		{0C92A22C-DDDE-4C98-855C-40035EC3ABD5}.Release|Any CPU.Build.0 = Release|Any CPU
		{51F62361-CB26-4F19-8C02-0DBE7E272915}.Debug|Any CPU.ActiveCfg = Debug|Any CPU
		{51F62361-CB26-4F19-8C02-0DBE7E272915}.Debug|Any CPU.Build.0 = Debug|Any CPU
		{51F62361-CB26-4F19-8C02-0DBE7E272915}.Release|Any CPU.ActiveCfg = Release|Any CPU
		{51F62361-CB26-4F19-8C02-0DBE7E272915}.Release|Any CPU.Build.0 = Release|Any CPU
		{D605C592-39C9-49D7-BD8C-A3E1DA7D597A}.Debug|Any CPU.ActiveCfg = Debug|Any CPU
		{D605C592-39C9-49D7-BD8C-A3E1DA7D597A}.Debug|Any CPU.Build.0 = Debug|Any CPU
		{D605C592-39C9-49D7-BD8C-A3E1DA7D597A}.Release|Any CPU.ActiveCfg = Release|Any CPU
		{D605C592-39C9-49D7-BD8C-A3E1DA7D597A}.Release|Any CPU.Build.0 = Release|Any CPU
		{0C56C42B-B1F2-4ECB-9B47-C42777A639EE}.Debug|Any CPU.ActiveCfg = Debug|Any CPU
		{0C56C42B-B1F2-4ECB-9B47-C42777A639EE}.Debug|Any CPU.Build.0 = Debug|Any CPU
		{0C56C42B-B1F2-4ECB-9B47-C42777A639EE}.Release|Any CPU.ActiveCfg = Release|Any CPU
		{0C56C42B-B1F2-4ECB-9B47-C42777A639EE}.Release|Any CPU.Build.0 = Release|Any CPU
		{125923C7-1B02-4E8D-9050-A2D535DFDE5F}.Debug|Any CPU.ActiveCfg = Debug|Any CPU
		{125923C7-1B02-4E8D-9050-A2D535DFDE5F}.Debug|Any CPU.Build.0 = Debug|Any CPU
		{125923C7-1B02-4E8D-9050-A2D535DFDE5F}.Release|Any CPU.ActiveCfg = Release|Any CPU
		{125923C7-1B02-4E8D-9050-A2D535DFDE5F}.Release|Any CPU.Build.0 = Release|Any CPU
	EndGlobalSection
	GlobalSection(SolutionProperties) = preSolution
		HideSolutionNode = FALSE
	EndGlobalSection
	GlobalSection(NestedProjects) = preSolution
		{8D4B1AF2-E09B-4E02-B1C6-68668C1CA75F} = {FA84103C-C9E8-4C1D-85AD-9249303C8EEB}
		{0C92A22C-DDDE-4C98-855C-40035EC3ABD5} = {FA84103C-C9E8-4C1D-85AD-9249303C8EEB}
		{51F62361-CB26-4F19-8C02-0DBE7E272915} = {FA84103C-C9E8-4C1D-85AD-9249303C8EEB}
		{D605C592-39C9-49D7-BD8C-A3E1DA7D597A} = {DDAB4735-A949-44EE-A0DA-9B73CAD0FD55}
		{0C56C42B-B1F2-4ECB-9B47-C42777A639EE} = {DDAB4735-A949-44EE-A0DA-9B73CAD0FD55}
		{125923C7-1B02-4E8D-9050-A2D535DFDE5F} = {DDAB4735-A949-44EE-A0DA-9B73CAD0FD55}
	EndGlobalSection
EndGlobal
