
Microsoft Visual Studio Solution File, Format Version 12.00
# Visual Studio Version 17
VisualStudioVersion = 17.12.35514.174 d17.12
MinimumVisualStudioVersion = 10.0.40219.1
Project("{2150E333-8FDC-42A3-9474-1A3956D46DE8}") = "Task0", "Task0", "{FA84103C-C9E8-4C1D-85AD-9249303C8EEB}"
EndProject
Project("{FAE04EC0-301F-11D3-BF4B-00C04F79EFBC}") = "Tyuiu.MacuacuaRa.Sprint1.Task0.V20", "Tyuiu.MacuacuaRa.Sprint1.Task0.V20\Tyuiu.MacuacuaRa.Sprint1.Task0.V20.csproj", "{8D4B1AF2-E09B-4E02-B1C6-68668C1CA75F}"
EndProject
Project("{FAE04EC0-301F-11D3-BF4B-00C04F79EFBC}") = "Tyuiu.MacuacuaRa.Sprint1.Task0.V20.Lib", "Tyuiu.MacuacuaRa.Sprint1.Task0.V20.Lib\Tyuiu.MacuacuaRa.Sprint1.Task0.V20.Lib.csproj", "{0C92A22C-DDDE-4C98-855C-40035EC3ABD5}"
EndProject
Project("{FAE04EC0-301F-11D3-BF4B-00C04F79EFBC}") = "Tyuiu.MacuacuaRa.Sprint1.Task0.V20.Test", "Tyuiu.MacuacuaRa.Sprint1.Task0.V20.Test\Tyuiu.MacuacuaRa.Sprint1.Task0.V20.Test.csproj", "{51F62361-CB26-4F19-8C02-0DBE7E272915}"
EndProject
Project("{2150E333-8FDC-42A3-9474-1A3956D46DE8}") = "Task1", "Task1", "{DDAB4735-A949-44EE-A0DA-9B73CAD0FD55}"
EndProject
Project("{FAE04EC0-301F-11D3-BF4B-00C04F79EFBC}") = "Tyuiu.MacuacuaRa.Sprint1.Task1.V10", "Tyuiu.MacuacuaRa.Sprint1.Task1.V10\Tyuiu.MacuacuaRa.Sprint1.Task1.V10.csproj", "{D605C592-39C9-49D7-BD8C-A3E1DA7D597A}"
EndProject
Project("{FAE04EC0-301F-11D3-BF4B-00C04F79EFBC}") = "Tyuiu.MacuacuaRa.Sprint1.Task1.V27.Lib", "Tyuiu.MacuacuaRa.Sprint1.Task1.V10.Lib\Tyuiu.MacuacuaRa.Sprint1.Task1.V27.Lib.csproj", "{0C56C42B-B1F2-4ECB-9B47-C42777A639EE}"
EndProject
Project("{FAE04EC0-301F-11D3-BF4B-00C04F79EFBC}") = "Tyuiu.MacuacuaRa.Sprint1.Task1.V10.Test", "Tyuiu.MacuacuaRa.Sprint1.Task1.V10.Test\Tyuiu.MacuacuaRa.Sprint1.Task1.V10.Test.csproj", "{125923C7-1B02-4E8D-9050-A2D535DFDE5F}"
EndProject
Project("{2150E333-8FDC-42A3-9474-1A3956D46DE8}") = "Task3", "Task3", "{FF07F20B-EC9B-474A-902A-B34F6700FD9F}"
EndProject
Project("{FAE04EC0-301F-11D3-BF4B-00C04F79EFBC}") = "Tyuiu.MacuacuaRa.Sprint1.Task3.V6", "Tyuiu.MacuacuaRa.Sprint1.Task3.V6\Tyuiu.MacuacuaRa.Sprint1.Task3.V6.csproj", "{123A6717-EE88-4A60-97A4-B528F386431D}"
EndProject
Project("{FAE04EC0-301F-11D3-BF4B-00C04F79EFBC}") = "Tyuiu.MacuacuaRa.Sprint1.Task3.V6.Lib", "Tyuiu.MacuacuaRa.Sprint1.Task3.V6.Lib\Tyuiu.MacuacuaRa.Sprint1.Task3.V6.Lib.csproj", "{09D175C7-583D-48FA-A798-770D857DF78A}"
EndProject
Project("{FAE04EC0-301F-11D3-BF4B-00C04F79EFBC}") = "Tyuiu.MacuacuaRa.Sprint1.Task3.V6.Test", "Tyuiu.MacuacuaRa.Sprint1.Task3.V6.Test\Tyuiu.MacuacuaRa.Sprint1.Task3.V6.Test.csproj", "{DCC08A3D-4F34-42A3-BBCC-2364B44E709B}"
EndProject
Project("{2150E333-8FDC-42A3-9474-1A3956D46DE8}") = "Task4", "Task4", "{5CF869A3-3E54-49C6-A02D-0966AC9EA7A2}"
EndProject
Project("{FAE04EC0-301F-11D3-BF4B-00C04F79EFBC}") = "Tyuiu.MacuacuaRa.Sprint1.Task4.V25", "Tyuiu.MacuacuaRa.Sprint1.Task4.V25\Tyuiu.MacuacuaRa.Sprint1.Task4.V25.csproj", "{1750C5F7-880F-4EBD-99E0-508A3B38DCDC}"
EndProject
Project("{FAE04EC0-301F-11D3-BF4B-00C04F79EFBC}") = "Tyuiu.MacuacuaRa.Sprint1.Task4.V25.Lib", "Tyuiu.MacuacuaRa.Sprint1.Task4.V25.Lib\Tyuiu.MacuacuaRa.Sprint1.Task4.V25.Lib.csproj", "{8975054C-3333-4F26-A292-7FF313F8655D}"
EndProject
Project("{FAE04EC0-301F-11D3-BF4B-00C04F79EFBC}") = "Tyuiu.MacuacuaRa.Sprint1.Task4.V25.Test", "Tyuiu.MacuacuaRa.Sprint1.Task4.V25.Test\Tyuiu.MacuacuaRa.Sprint1.Task4.V25.Test.csproj", "{91052599-9419-4819-AC31-BA7CDA63597D}"
EndProject
Project("{2150E333-8FDC-42A3-9474-1A3956D46DE8}") = "Task5", "Task5", "{B40DA29E-7A41-4789-8295-14516C6D3F02}"
EndProject
Project("{FAE04EC0-301F-11D3-BF4B-00C04F79EFBC}") = "Tyuiu.MacuacuaRa.Sprint1.Task5.V6", "Tyuiu.MacuacuaRa.Sprint1.Task5.V6\Tyuiu.MacuacuaRa.Sprint1.Task5.V6.csproj", "{EB9795EE-2099-4412-9A76-29B7F85CDDD1}"
EndProject
Project("{FAE04EC0-301F-11D3-BF4B-00C04F79EFBC}") = "Tyuiu.MacuacuaRa.Sprint1.Task5.V6.Lib", "Tyuiu.MacuacuaRa.Sprint1.Task5.V6.Lib\Tyuiu.MacuacuaRa.Sprint1.Task5.V6.Lib.csproj", "{CCDC6A2B-E668-4E04-B9A7-244C0E91404A}"
EndProject
Project("{FAE04EC0-301F-11D3-BF4B-00C04F79EFBC}") = "Tyuiu.MacuacuaRa.Sprint1.Task5.V6.Test", "Tyuiu.MacuacuaRa.Sprint1.Task5.V6.Test\Tyuiu.MacuacuaRa.Sprint1.Task5.V6.Test.csproj", "{A00A4227-9DF8-4379-B80D-AC8EB2AC72CC}"
EndProject
Project("{2150E333-8FDC-42A3-9474-1A3956D46DE8}") = "Task6", "Task6", "{911B2BE4-B666-421C-9BF8-F647604BEC29}"
EndProject
Project("{FAE04EC0-301F-11D3-BF4B-00C04F79EFBC}") = "Tyuiu.MacuacuaRa.Sprint1.Task6.V12", "Tyuiu.MacuacuaRa.Sprint1.Task6.V12\Tyuiu.MacuacuaRa.Sprint1.Task6.V12.csproj", "{0EC15723-5716-4D4B-9CCE-458AC2E847FD}"
EndProject
Project("{FAE04EC0-301F-11D3-BF4B-00C04F79EFBC}") = "Tyuiu.MacuacuaRa.Sprint1.Task6.V12.Lib", "Tyuiu.MacuacuaRa.Sprint1.Task6.V12.Lib\Tyuiu.MacuacuaRa.Sprint1.Task6.V12.Lib.csproj", "{7739230D-DEBF-41A1-9781-2FE0262C6B9D}"
EndProject
Project("{FAE04EC0-301F-11D3-BF4B-00C04F79EFBC}") = "Tyuiu.MacuacuaRa.Sprint1.Task6.V12.Test", "Tyuiu.MacuacuaRa.Sprint1.Task6.V12.Test\Tyuiu.MacuacuaRa.Sprint1.Task6.V12.Test.csproj", "{78A15A81-AAF9-4267-BF8C-0E56E8FB4A83}"
EndProject
Global
	GlobalSection(SolutionConfigurationPlatforms) = preSolution
		Debug|Any CPU = Debug|Any CPU
		Release|Any CPU = Release|Any CPU
	EndGlobalSection
	GlobalSection(ProjectConfigurationPlatforms) = postSolution
		{8D4B1AF2-E09B-4E02-B1C6-68668C1CA75F}.Debug|Any CPU.ActiveCfg = Debug|Any CPU
		{8D4B1AF2-E09B-4E02-B1C6-68668C1CA75F}.Debug|Any CPU.Build.0 = Debug|Any CPU
		{8D4B1AF2-E09B-4E02-B1C6-68668C1CA75F}.Release|Any CPU.ActiveCfg = Release|Any CPU
		{8D4B1AF2-E09B-4E02-B1C6-68668C1CA75F}.Release|Any CPU.Build.0 = Release|Any CPU
		{0C92A22C-DDDE-4C98-855C-40035EC3ABD5}.Debug|Any CPU.ActiveCfg = Debug|Any CPU
		{0C92A22C-DDDE-4C98-855C-40035EC3ABD5}.Debug|Any CPU.Build.0 = Debug|Any CPU
		{0C92A22C-DDDE-4C98-855C-40035EC3ABD5}.Release|Any CPU.ActiveCfg = Release|Any CPU
		{0C92A22C-DDDE-4C98-855C-40035EC3ABD5}.Release|Any CPU.Build.0 = Release|Any CPU
		{51F62361-CB26-4F19-8C02-0DBE7E272915}.Debug|Any CPU.ActiveCfg = Debug|Any CPU
		{51F62361-CB26-4F19-8C02-0DBE7E272915}.Debug|Any CPU.Build.0 = Debug|Any CPU
		{51F62361-CB26-4F19-8C02-0DBE7E272915}.Release|Any CPU.ActiveCfg = Release|Any CPU
		{51F62361-CB26-4F19-8C02-0DBE7E272915}.Release|Any CPU.Build.0 = Release|Any CPU
		{D605C592-39C9-49D7-BD8C-A3E1DA7D597A}.Debug|Any CPU.ActiveCfg = Debug|Any CPU
		{D605C592-39C9-49D7-BD8C-A3E1DA7D597A}.Debug|Any CPU.Build.0 = Debug|Any CPU
		{D605C592-39C9-49D7-BD8C-A3E1DA7D597A}.Release|Any CPU.ActiveCfg = Release|Any CPU
		{D605C592-39C9-49D7-BD8C-A3E1DA7D597A}.Release|Any CPU.Build.0 = Release|Any CPU
		{0C56C42B-B1F2-4ECB-9B47-C42777A639EE}.Debug|Any CPU.ActiveCfg = Debug|Any CPU
		{0C56C42B-B1F2-4ECB-9B47-C42777A639EE}.Debug|Any CPU.Build.0 = Debug|Any CPU
		{0C56C42B-B1F2-4ECB-9B47-C42777A639EE}.Release|Any CPU.ActiveCfg = Release|Any CPU
		{0C56C42B-B1F2-4ECB-9B47-C42777A639EE}.Release|Any CPU.Build.0 = Release|Any CPU
		{125923C7-1B02-4E8D-9050-A2D535DFDE5F}.Debug|Any CPU.ActiveCfg = Debug|Any CPU
		{125923C7-1B02-4E8D-9050-A2D535DFDE5F}.Debug|Any CPU.Build.0 = Debug|Any CPU
		{125923C7-1B02-4E8D-9050-A2D535DFDE5F}.Release|Any CPU.ActiveCfg = Release|Any CPU
		{125923C7-1B02-4E8D-9050-A2D535DFDE5F}.Release|Any CPU.Build.0 = Release|Any CPU
		{123A6717-EE88-4A60-97A4-B528F386431D}.Debug|Any CPU.ActiveCfg = Debug|Any CPU
		{123A6717-EE88-4A60-97A4-B528F386431D}.Debug|Any CPU.Build.0 = Debug|Any CPU
		{123A6717-EE88-4A60-97A4-B528F386431D}.Release|Any CPU.ActiveCfg = Release|Any CPU
		{123A6717-EE88-4A60-97A4-B528F386431D}.Release|Any CPU.Build.0 = Release|Any CPU
		{09D175C7-583D-48FA-A798-770D857DF78A}.Debug|Any CPU.ActiveCfg = Debug|Any CPU
		{09D175C7-583D-48FA-A798-770D857DF78A}.Debug|Any CPU.Build.0 = Debug|Any CPU
		{09D175C7-583D-48FA-A798-770D857DF78A}.Release|Any CPU.ActiveCfg = Release|Any CPU
		{09D175C7-583D-48FA-A798-770D857DF78A}.Release|Any CPU.Build.0 = Release|Any CPU
		{DCC08A3D-4F34-42A3-BBCC-2364B44E709B}.Debug|Any CPU.ActiveCfg = Debug|Any CPU
		{DCC08A3D-4F34-42A3-BBCC-2364B44E709B}.Debug|Any CPU.Build.0 = Debug|Any CPU
		{DCC08A3D-4F34-42A3-BBCC-2364B44E709B}.Release|Any CPU.ActiveCfg = Release|Any CPU
		{DCC08A3D-4F34-42A3-BBCC-2364B44E709B}.Release|Any CPU.Build.0 = Release|Any CPU
		{1750C5F7-880F-4EBD-99E0-508A3B38DCDC}.Debug|Any CPU.ActiveCfg = Debug|Any CPU
		{1750C5F7-880F-4EBD-99E0-508A3B38DCDC}.Debug|Any CPU.Build.0 = Debug|Any CPU
		{1750C5F7-880F-4EBD-99E0-508A3B38DCDC}.Release|Any CPU.ActiveCfg = Release|Any CPU
		{1750C5F7-880F-4EBD-99E0-508A3B38DCDC}.Release|Any CPU.Build.0 = Release|Any CPU
		{8975054C-3333-4F26-A292-7FF313F8655D}.Debug|Any CPU.ActiveCfg = Debug|Any CPU
		{8975054C-3333-4F26-A292-7FF313F8655D}.Debug|Any CPU.Build.0 = Debug|Any CPU
		{8975054C-3333-4F26-A292-7FF313F8655D}.Release|Any CPU.ActiveCfg = Release|Any CPU
		{8975054C-3333-4F26-A292-7FF313F8655D}.Release|Any CPU.Build.0 = Release|Any CPU
		{91052599-9419-4819-AC31-BA7CDA63597D}.Debug|Any CPU.ActiveCfg = Debug|Any CPU
		{91052599-9419-4819-AC31-BA7CDA63597D}.Debug|Any CPU.Build.0 = Debug|Any CPU
		{91052599-9419-4819-AC31-BA7CDA63597D}.Release|Any CPU.ActiveCfg = Release|Any CPU
		{91052599-9419-4819-AC31-BA7CDA63597D}.Release|Any CPU.Build.0 = Release|Any CPU
		{EB9795EE-2099-4412-9A76-29B7F85CDDD1}.Debug|Any CPU.ActiveCfg = Debug|Any CPU
		{EB9795EE-2099-4412-9A76-29B7F85CDDD1}.Debug|Any CPU.Build.0 = Debug|Any CPU
		{EB9795EE-2099-4412-9A76-29B7F85CDDD1}.Release|Any CPU.ActiveCfg = Release|Any CPU
		{EB9795EE-2099-4412-9A76-29B7F85CDDD1}.Release|Any CPU.Build.0 = Release|Any CPU
		{CCDC6A2B-E668-4E04-B9A7-244C0E91404A}.Debug|Any CPU.ActiveCfg = Debug|Any CPU
		{CCDC6A2B-E668-4E04-B9A7-244C0E91404A}.Debug|Any CPU.Build.0 = Debug|Any CPU
		{CCDC6A2B-E668-4E04-B9A7-244C0E91404A}.Release|Any CPU.ActiveCfg = Release|Any CPU
		{CCDC6A2B-E668-4E04-B9A7-244C0E91404A}.Release|Any CPU.Build.0 = Release|Any CPU
		{A00A4227-9DF8-4379-B80D-AC8EB2AC72CC}.Debug|Any CPU.ActiveCfg = Debug|Any CPU
		{A00A4227-9DF8-4379-B80D-AC8EB2AC72CC}.Debug|Any CPU.Build.0 = Debug|Any CPU
		{A00A4227-9DF8-4379-B80D-AC8EB2AC72CC}.Release|Any CPU.ActiveCfg = Release|Any CPU
		{A00A4227-9DF8-4379-B80D-AC8EB2AC72CC}.Release|Any CPU.Build.0 = Release|Any CPU
		{0EC15723-5716-4D4B-9CCE-458AC2E847FD}.Debug|Any CPU.ActiveCfg = Debug|Any CPU
		{0EC15723-5716-4D4B-9CCE-458AC2E847FD}.Debug|Any CPU.Build.0 = Debug|Any CPU
		{0EC15723-5716-4D4B-9CCE-458AC2E847FD}.Release|Any CPU.ActiveCfg = Release|Any CPU
		{0EC15723-5716-4D4B-9CCE-458AC2E847FD}.Release|Any CPU.Build.0 = Release|Any CPU
		{7739230D-DEBF-41A1-9781-2FE0262C6B9D}.Debug|Any CPU.ActiveCfg = Debug|Any CPU
		{7739230D-DEBF-41A1-9781-2FE0262C6B9D}.Debug|Any CPU.Build.0 = Debug|Any CPU
		{7739230D-DEBF-41A1-9781-2FE0262C6B9D}.Release|Any CPU.ActiveCfg = Release|Any CPU
		{7739230D-DEBF-41A1-9781-2FE0262C6B9D}.Release|Any CPU.Build.0 = Release|Any CPU
		{78A15A81-AAF9-4267-BF8C-0E56E8FB4A83}.Debug|Any CPU.ActiveCfg = Debug|Any CPU
		{78A15A81-AAF9-4267-BF8C-0E56E8FB4A83}.Debug|Any CPU.Build.0 = Debug|Any CPU
		{78A15A81-AAF9-4267-BF8C-0E56E8FB4A83}.Release|Any CPU.ActiveCfg = Release|Any CPU
		{78A15A81-AAF9-4267-BF8C-0E56E8FB4A83}.Release|Any CPU.Build.0 = Release|Any CPU
	EndGlobalSection
	GlobalSection(SolutionProperties) = preSolution
		HideSolutionNode = FALSE
	EndGlobalSection
	GlobalSection(NestedProjects) = preSolution
		{8D4B1AF2-E09B-4E02-B1C6-68668C1CA75F} = {FA84103C-C9E8-4C1D-85AD-9249303C8EEB}
		{0C92A22C-DDDE-4C98-855C-40035EC3ABD5} = {FA84103C-C9E8-4C1D-85AD-9249303C8EEB}
		{51F62361-CB26-4F19-8C02-0DBE7E272915} = {FA84103C-C9E8-4C1D-85AD-9249303C8EEB}
		{D605C592-39C9-49D7-BD8C-A3E1DA7D597A} = {DDAB4735-A949-44EE-A0DA-9B73CAD0FD55}
		{0C56C42B-B1F2-4ECB-9B47-C42777A639EE} = {DDAB4735-A949-44EE-A0DA-9B73CAD0FD55}
		{125923C7-1B02-4E8D-9050-A2D535DFDE5F} = {DDAB4735-A949-44EE-A0DA-9B73CAD0FD55}
		{123A6717-EE88-4A60-97A4-B528F386431D} = {FF07F20B-EC9B-474A-902A-B34F6700FD9F}
		{09D175C7-583D-48FA-A798-770D857DF78A} = {FF07F20B-EC9B-474A-902A-B34F6700FD9F}
		{DCC08A3D-4F34-42A3-BBCC-2364B44E709B} = {FF07F20B-EC9B-474A-902A-B34F6700FD9F}
		{1750C5F7-880F-4EBD-99E0-508A3B38DCDC} = {5CF869A3-3E54-49C6-A02D-0966AC9EA7A2}
		{8975054C-3333-4F26-A292-7FF313F8655D} = {5CF869A3-3E54-49C6-A02D-0966AC9EA7A2}
		{91052599-9419-4819-AC31-BA7CDA63597D} = {5CF869A3-3E54-49C6-A02D-0966AC9EA7A2}
		{EB9795EE-2099-4412-9A76-29B7F85CDDD1} = {B40DA29E-7A41-4789-8295-14516C6D3F02}
		{CCDC6A2B-E668-4E04-B9A7-244C0E91404A} = {B40DA29E-7A41-4789-8295-14516C6D3F02}
		{A00A4227-9DF8-4379-B80D-AC8EB2AC72CC} = {B40DA29E-7A41-4789-8295-14516C6D3F02}
		{0EC15723-5716-4D4B-9CCE-458AC2E847FD} = {911B2BE4-B666-421C-9BF8-F647604BEC29}
		{7739230D-DEBF-41A1-9781-2FE0262C6B9D} = {911B2BE4-B666-421C-9BF8-F647604BEC29}
		{78A15A81-AAF9-4267-BF8C-0E56E8FB4A83} = {911B2BE4-B666-421C-9BF8-F647604BEC29}
	EndGlobalSection
EndGlobal
